
Microsoft Visual Studio Solution File, Format Version 12.00
# Visual Studio Version 16
VisualStudioVersion = 16.0.30225.117
MinimumVisualStudioVersion = 10.0.40219.1
Project("{FAE04EC0-301F-11D3-BF4B-00C04F79EFBC}") = "PreviewHandler.Sdk.Managed", "PreviewHandler.Sdk.Managed\PreviewHandler.Sdk.Managed.csproj", "{06BC8562-9080-4035-AB02-1D805BEE9DA4}"
EndProject
Global
	GlobalSection(SolutionConfigurationPlatforms) = preSolution
		Debug|Any CPU = Debug|Any CPU
		Release|Any CPU = Release|Any CPU
	EndGlobalSection
	GlobalSection(ProjectConfigurationPlatforms) = postSolution
		{06BC8562-9080-4035-AB02-1D805BEE9DA4}.Debug|Any CPU.ActiveCfg = Debug|Any CPU
		{06BC8562-9080-4035-AB02-1D805BEE9DA4}.Debug|Any CPU.Build.0 = Debug|Any CPU
		{06BC8562-9080-4035-AB02-1D805BEE9DA4}.Release|Any CPU.ActiveCfg = Release|Any CPU
		{06BC8562-9080-4035-AB02-1D805BEE9DA4}.Release|Any CPU.Build.0 = Release|Any CPU
	EndGlobalSection
	GlobalSection(SolutionProperties) = preSolution
		HideSolutionNode = FALSE
	EndGlobalSection
	GlobalSection(ExtensibilityGlobals) = postSolution
		SolutionGuid = {84AF667F-80B1-40B9-BD6D-F4E14CDE5525}
	EndGlobalSection
EndGlobal
